
Microsoft Visual Studio Solution File, Format Version 12.00
# Visual Studio Version 17
VisualStudioVersion = 17.11.35219.272
MinimumVisualStudioVersion = 10.0.40219.1
Project("{888888A0-9F3D-457C-B088-3A5042F75D52}") = "Problem 1 Basic Arithmetic and Input", "Problem 1 Basic Arithmetic and Input\Problem 1 Basic Arithmetic and Input.pyproj", "{79BB63E5-9B7C-4AA6-9A8D-02FD821C55FF}"
EndProject
Global
	GlobalSection(SolutionConfigurationPlatforms) = preSolution
		Debug|Any CPU = Debug|Any CPU
		Release|Any CPU = Release|Any CPU
	EndGlobalSection
	GlobalSection(ProjectConfigurationPlatforms) = postSolution
		{79BB63E5-9B7C-4AA6-9A8D-02FD821C55FF}.Debug|Any CPU.ActiveCfg = Debug|Any CPU
		{79BB63E5-9B7C-4AA6-9A8D-02FD821C55FF}.Release|Any CPU.ActiveCfg = Release|Any CPU
	EndGlobalSection
	GlobalSection(SolutionProperties) = preSolution
		HideSolutionNode = FALSE
	EndGlobalSection
	GlobalSection(ExtensibilityGlobals) = postSolution
		SolutionGuid = {329DAA32-B48D-41F2-B817-01383A45691E}
	EndGlobalSection
EndGlobal
